
Microsoft Visual Studio Solution File, Format Version 12.00
# Visual Studio Version 17
VisualStudioVersion = 17.10.35013.160
MinimumVisualStudioVersion = 10.0.40219.1
Project("{FAE04EC0-301F-11D3-BF4B-00C04F79EFBC}") = "WoW_AH_Data_Project", "WoW_AH_Data_Project\WoW_AH_Data_Project.csproj", "{EB0F98B0-340B-4988-B017-51F2E303A0F1}"
EndProject
Global
	GlobalSection(SolutionConfigurationPlatforms) = preSolution
		Debug|Any CPU = Debug|Any CPU
		Release|Any CPU = Release|Any CPU
	EndGlobalSection
	GlobalSection(ProjectConfigurationPlatforms) = postSolution
		{EB0F98B0-340B-4988-B017-51F2E303A0F1}.Debug|Any CPU.ActiveCfg = Debug|Any CPU
		{EB0F98B0-340B-4988-B017-51F2E303A0F1}.Debug|Any CPU.Build.0 = Debug|Any CPU
		{EB0F98B0-340B-4988-B017-51F2E303A0F1}.Release|Any CPU.ActiveCfg = Release|Any CPU
		{EB0F98B0-340B-4988-B017-51F2E303A0F1}.Release|Any CPU.Build.0 = Release|Any CPU
	EndGlobalSection
	GlobalSection(SolutionProperties) = preSolution
		HideSolutionNode = FALSE
	EndGlobalSection
	GlobalSection(ExtensibilityGlobals) = postSolution
		SolutionGuid = {7A2BCA68-01F8-48FE-9728-64CF522403BB}
	EndGlobalSection
EndGlobal
